
Microsoft Visual Studio Solution File, Format Version 12.00
# Visual Studio Version 16
VisualStudioVersion = 16.0.29519.87
MinimumVisualStudioVersion = 10.0.40219.1
Project("{FAE04EC0-301F-11D3-BF4B-00C04F79EFBC}") = "PostingNews", "PostingNews.csproj", "{06202B9C-8918-4601-8D3C-E4D42653A69B}"
EndProject
Global
	GlobalSection(SolutionConfigurationPlatforms) = preSolution
		Debug|Any CPU = Debug|Any CPU
		Release|Any CPU = Release|Any CPU
	EndGlobalSection
	GlobalSection(ProjectConfigurationPlatforms) = postSolution
		{06202B9C-8918-4601-8D3C-E4D42653A69B}.Debug|Any CPU.ActiveCfg = Debug|Any CPU
		{06202B9C-8918-4601-8D3C-E4D42653A69B}.Debug|Any CPU.Build.0 = Debug|Any CPU
		{06202B9C-8918-4601-8D3C-E4D42653A69B}.Release|Any CPU.ActiveCfg = Release|Any CPU
		{06202B9C-8918-4601-8D3C-E4D42653A69B}.Release|Any CPU.Build.0 = Release|Any CPU
	EndGlobalSection
	GlobalSection(SolutionProperties) = preSolution
		HideSolutionNode = FALSE
	EndGlobalSection
	GlobalSection(ExtensibilityGlobals) = postSolution
		SolutionGuid = {80D9BBA7-ECB9-4841-8177-1D5E4BFB5F69}
	EndGlobalSection
EndGlobal
