
Microsoft Visual Studio Solution File, Format Version 12.00
# Visual Studio Version 16
VisualStudioVersion = 16.0.29519.87
MinimumVisualStudioVersion = 10.0.40219.1
Project("{FAE04EC0-301F-11D3-BF4B-00C04F79EFBC}") = "WcfServiceLibrary1", "WcfServiceLibrary1.csproj", "{300476D9-6CF5-4C7E-A716-0AA2DCD02BB7}"
EndProject
Global
	GlobalSection(SolutionConfigurationPlatforms) = preSolution
		Debug|Any CPU = Debug|Any CPU
		Release|Any CPU = Release|Any CPU
	EndGlobalSection
	GlobalSection(ProjectConfigurationPlatforms) = postSolution
		{300476D9-6CF5-4C7E-A716-0AA2DCD02BB7}.Debug|Any CPU.ActiveCfg = Debug|Any CPU
		{300476D9-6CF5-4C7E-A716-0AA2DCD02BB7}.Debug|Any CPU.Build.0 = Debug|Any CPU
		{300476D9-6CF5-4C7E-A716-0AA2DCD02BB7}.Release|Any CPU.ActiveCfg = Release|Any CPU
		{300476D9-6CF5-4C7E-A716-0AA2DCD02BB7}.Release|Any CPU.Build.0 = Release|Any CPU
	EndGlobalSection
	GlobalSection(SolutionProperties) = preSolution
		HideSolutionNode = FALSE
	EndGlobalSection
	GlobalSection(ExtensibilityGlobals) = postSolution
		SolutionGuid = {BC3E5D4F-F8F3-46B6-94F1-3ECBFB3761B5}
	EndGlobalSection
EndGlobal
